// !$*UTF8*$!
{
	archiveVersion = 1;
	classes = {
	};
	objectVersion = 48;
	objects = {

/* Begin PBXBuildFile section */
		9403BEEE1F5096510054E46E /* CalcValue.swift in Sources */ = {isa = PBXBuildFile; fileRef = 94BC3A431F3C4CC700252D2B /* CalcValue.swift */; };
		9403BEEF1F5096560054E46E /* Command.swift in Sources */ = {isa = PBXBuildFile; fileRef = 94B454E01F3A53E5006671EF /* Command.swift */; };
		9403BEF31F50970D0054E46E /* KeypadController.swift in Sources */ = {isa = PBXBuildFile; fileRef = 9403BEF11F5096F10054E46E /* KeypadController.swift */; };
		9403BEF51F50A5510054E46E /* KeypadController.swift in Sources */ = {isa = PBXBuildFile; fileRef = 9403BEF11F5096F10054E46E /* KeypadController.swift */; };
		9403BEF71F5244AD0054E46E /* SharedAssets.xcassets in Resources */ = {isa = PBXBuildFile; fileRef = 9403BEF61F5244AD0054E46E /* SharedAssets.xcassets */; };
		9403BEF81F5244C60054E46E /* SharedAssets.xcassets in Resources */ = {isa = PBXBuildFile; fileRef = 9403BEF61F5244AD0054E46E /* SharedAssets.xcassets */; };
		9403BEFE1F54A4A80054E46E /* DSEG14 Classic Mini-Bold Italic Mac.ttf in Resources */ = {isa = PBXBuildFile; fileRef = 9403BEFD1F54A4A70054E46E /* DSEG14 Classic Mini-Bold Italic Mac.ttf */; };
		94A34C261F560CAF00393D5F /* DSEG7ClassicMini-BoldItalic.ttf in Resources */ = {isa = PBXBuildFile; fileRef = 94A34C251F560CAE00393D5F /* DSEG7ClassicMini-BoldItalic.ttf */; };
		94A34C271F560CAF00393D5F /* DSEG7ClassicMini-BoldItalic.ttf in Resources */ = {isa = PBXBuildFile; fileRef = 94A34C251F560CAE00393D5F /* DSEG7ClassicMini-BoldItalic.ttf */; };
		94A5CB621F76F86000C32D41 /* Grunge-Paper-Texture-1.jpg in Resources */ = {isa = PBXBuildFile; fileRef = 94A5CB611F76F86000C32D41 /* Grunge-Paper-Texture-1.jpg */; };
		94B454811F3A5095006671EF /* AppDelegate.swift in Sources */ = {isa = PBXBuildFile; fileRef = 94B454801F3A5095006671EF /* AppDelegate.swift */; };
		94B454831F3A5095006671EF /* ViewController.swift in Sources */ = {isa = PBXBuildFile; fileRef = 94B454821F3A5095006671EF /* ViewController.swift */; };
		94B454861F3A5095006671EF /* Main.storyboard in Resources */ = {isa = PBXBuildFile; fileRef = 94B454841F3A5095006671EF /* Main.storyboard */; };
		94B454881F3A5095006671EF /* Assets-iOS.xcassets in Resources */ = {isa = PBXBuildFile; fileRef = 94B454871F3A5095006671EF /* Assets-iOS.xcassets */; };
		94B4548B1F3A5095006671EF /* LaunchScreen.storyboard in Resources */ = {isa = PBXBuildFile; fileRef = 94B454891F3A5095006671EF /* LaunchScreen.storyboard */; };
		94B454961F3A5095006671EF /* hp01Tests.swift in Sources */ = {isa = PBXBuildFile; fileRef = 94B454951F3A5095006671EF /* hp01Tests.swift */; };
		94B454A11F3A5095006671EF /* hp01UITests.swift in Sources */ = {isa = PBXBuildFile; fileRef = 94B454A01F3A5095006671EF /* hp01UITests.swift */; };
		94B454A61F3A5095006671EF /* retrocalc WatchKit App.app in Embed Watch Content */ = {isa = PBXBuildFile; fileRef = 94B454A51F3A5095006671EF /* retrocalc WatchKit App.app */; };
		94B454AC1F3A5095006671EF /* Interface.storyboard in Resources */ = {isa = PBXBuildFile; fileRef = 94B454AA1F3A5095006671EF /* Interface.storyboard */; };
		94B454AE1F3A5095006671EF /* Assets-w.xcassets in Resources */ = {isa = PBXBuildFile; fileRef = 94B454AD1F3A5095006671EF /* Assets-w.xcassets */; };
		94B454B51F3A5095006671EF /* retrocalc WatchKit Extension.appex in Embed App Extensions */ = {isa = PBXBuildFile; fileRef = 94B454B41F3A5095006671EF /* retrocalc WatchKit Extension.appex */; settings = {ATTRIBUTES = (RemoveHeadersOnCopy, ); }; };
		94B454BA1F3A5095006671EF /* InterfaceController.swift in Sources */ = {isa = PBXBuildFile; fileRef = 94B454B91F3A5095006671EF /* InterfaceController.swift */; };
		94B454BC1F3A5095006671EF /* ExtensionDelegate.swift in Sources */ = {isa = PBXBuildFile; fileRef = 94B454BB1F3A5095006671EF /* ExtensionDelegate.swift */; };
		94B454BE1F3A5095006671EF /* NotificationController.swift in Sources */ = {isa = PBXBuildFile; fileRef = 94B454BD1F3A5095006671EF /* NotificationController.swift */; };
		94B454C01F3A5095006671EF /* Assets.xcassets in Resources */ = {isa = PBXBuildFile; fileRef = 94B454BF1F3A5095006671EF /* Assets.xcassets */; };
		94B454E21F3A5404006671EF /* Command.swift in Sources */ = {isa = PBXBuildFile; fileRef = 94B454E01F3A53E5006671EF /* Command.swift */; };
		94BC3A441F3C4CC700252D2B /* CalcValue.swift in Sources */ = {isa = PBXBuildFile; fileRef = 94BC3A431F3C4CC700252D2B /* CalcValue.swift */; };
		94D307A91F69262900FE926A /* TextureXSteel.jpg in Sources */ = {isa = PBXBuildFile; fileRef = 94D307A81F69262900FE926A /* TextureXSteel.jpg */; };
		94DDDFAF1F56A2B20095F9DF /* DSEG7ClassicMini-BoldItalic.ttf in Resources */ = {isa = PBXBuildFile; fileRef = 94A34C251F560CAE00393D5F /* DSEG7ClassicMini-BoldItalic.ttf */; };
/* End PBXBuildFile section */

/* Begin PBXContainerItemProxy section */
		94B454921F3A5095006671EF /* PBXContainerItemProxy */ = {
			isa = PBXContainerItemProxy;
			containerPortal = 94B454751F3A5095006671EF /* Project object */;
			proxyType = 1;
			remoteGlobalIDString = 94B4547C1F3A5095006671EF;
			remoteInfo = hp01;
		};
		94B4549D1F3A5095006671EF /* PBXContainerItemProxy */ = {
			isa = PBXContainerItemProxy;
			containerPortal = 94B454751F3A5095006671EF /* Project object */;
			proxyType = 1;
			remoteGlobalIDString = 94B4547C1F3A5095006671EF;
			remoteInfo = hp01;
		};
		94B454A71F3A5095006671EF /* PBXContainerItemProxy */ = {
			isa = PBXContainerItemProxy;
			containerPortal = 94B454751F3A5095006671EF /* Project object */;
			proxyType = 1;
			remoteGlobalIDString = 94B454A41F3A5095006671EF;
			remoteInfo = "hp01 WatchKit App";
		};
		94B454B61F3A5095006671EF /* PBXContainerItemProxy */ = {
			isa = PBXContainerItemProxy;
			containerPortal = 94B454751F3A5095006671EF /* Project object */;
			proxyType = 1;
			remoteGlobalIDString = 94B454B31F3A5095006671EF;
			remoteInfo = "hp01 WatchKit Extension";
		};
/* End PBXContainerItemProxy section */

/* Begin PBXCopyFilesBuildPhase section */
		94B454C81F3A5095006671EF /* Embed App Extensions */ = {
			isa = PBXCopyFilesBuildPhase;
			buildActionMask = 2147483647;
			dstPath = "";
			dstSubfolderSpec = 13;
			files = (
				94B454B51F3A5095006671EF /* retrocalc WatchKit Extension.appex in Embed App Extensions */,
			);
			name = "Embed App Extensions";
			runOnlyForDeploymentPostprocessing = 0;
		};
		94B454CC1F3A5095006671EF /* Embed Watch Content */ = {
			isa = PBXCopyFilesBuildPhase;
			buildActionMask = 2147483647;
			dstPath = "$(CONTENTS_FOLDER_PATH)/Watch";
			dstSubfolderSpec = 16;
			files = (
				94B454A61F3A5095006671EF /* retrocalc WatchKit App.app in Embed Watch Content */,
			);
			name = "Embed Watch Content";
			runOnlyForDeploymentPostprocessing = 0;
		};
/* End PBXCopyFilesBuildPhase section */

/* Begin PBXFileReference section */
		9403BEF11F5096F10054E46E /* KeypadController.swift */ = {isa = PBXFileReference; lastKnownFileType = sourcecode.swift; path = KeypadController.swift; sourceTree = "<group>"; };
		9403BEF61F5244AD0054E46E /* SharedAssets.xcassets */ = {isa = PBXFileReference; lastKnownFileType = folder.assetcatalog; path = SharedAssets.xcassets; sourceTree = "<group>"; };
		9403BEFD1F54A4A70054E46E /* DSEG14 Classic Mini-Bold Italic Mac.ttf */ = {isa = PBXFileReference; lastKnownFileType = file; path = "DSEG14 Classic Mini-Bold Italic Mac.ttf"; sourceTree = "<group>"; };
		947B92B91F5E1C36003D7B09 /* KeyboardTips.rtf */ = {isa = PBXFileReference; lastKnownFileType = text.rtf; path = KeyboardTips.rtf; sourceTree = SOURCE_ROOT; };
		94A34C251F560CAE00393D5F /* DSEG7ClassicMini-BoldItalic.ttf */ = {isa = PBXFileReference; lastKnownFileType = file; path = "DSEG7ClassicMini-BoldItalic.ttf"; sourceTree = "<group>"; };
		94A5CB611F76F86000C32D41 /* Grunge-Paper-Texture-1.jpg */ = {isa = PBXFileReference; lastKnownFileType = image.jpeg; path = "Grunge-Paper-Texture-1.jpg"; sourceTree = "<group>"; };
		94B4547D1F3A5095006671EF /* retrocalc.app */ = {isa = PBXFileReference; explicitFileType = wrapper.application; includeInIndex = 0; path = retrocalc.app; sourceTree = BUILT_PRODUCTS_DIR; };
		94B454801F3A5095006671EF /* AppDelegate.swift */ = {isa = PBXFileReference; lastKnownFileType = sourcecode.swift; path = AppDelegate.swift; sourceTree = "<group>"; };
		94B454821F3A5095006671EF /* ViewController.swift */ = {isa = PBXFileReference; lastKnownFileType = sourcecode.swift; path = ViewController.swift; sourceTree = "<group>"; };
		94B454851F3A5095006671EF /* Base */ = {isa = PBXFileReference; lastKnownFileType = file.storyboard; name = Base; path = Base.lproj/Main.storyboard; sourceTree = "<group>"; };
		94B454871F3A5095006671EF /* Assets-iOS.xcassets */ = {isa = PBXFileReference; lastKnownFileType = folder.assetcatalog; path = "Assets-iOS.xcassets"; sourceTree = "<group>"; };
		94B4548A1F3A5095006671EF /* Base */ = {isa = PBXFileReference; lastKnownFileType = file.storyboard; name = Base; path = Base.lproj/LaunchScreen.storyboard; sourceTree = "<group>"; };
		94B4548C1F3A5095006671EF /* Info.plist */ = {isa = PBXFileReference; lastKnownFileType = text.plist.xml; path = Info.plist; sourceTree = "<group>"; };
		94B454911F3A5095006671EF /* retrocalcTests.xctest */ = {isa = PBXFileReference; explicitFileType = wrapper.cfbundle; includeInIndex = 0; path = retrocalcTests.xctest; sourceTree = BUILT_PRODUCTS_DIR; };
		94B454951F3A5095006671EF /* hp01Tests.swift */ = {isa = PBXFileReference; lastKnownFileType = sourcecode.swift; path = hp01Tests.swift; sourceTree = "<group>"; };
		94B454971F3A5095006671EF /* Info.plist */ = {isa = PBXFileReference; lastKnownFileType = text.plist.xml; path = Info.plist; sourceTree = "<group>"; };
		94B4549C1F3A5095006671EF /* retrocalcUITests.xctest */ = {isa = PBXFileReference; explicitFileType = wrapper.cfbundle; includeInIndex = 0; path = retrocalcUITests.xctest; sourceTree = BUILT_PRODUCTS_DIR; };
		94B454A01F3A5095006671EF /* hp01UITests.swift */ = {isa = PBXFileReference; lastKnownFileType = sourcecode.swift; path = hp01UITests.swift; sourceTree = "<group>"; };
		94B454A21F3A5095006671EF /* Info.plist */ = {isa = PBXFileReference; lastKnownFileType = text.plist.xml; path = Info.plist; sourceTree = "<group>"; };
		94B454A51F3A5095006671EF /* retrocalc WatchKit App.app */ = {isa = PBXFileReference; explicitFileType = wrapper.application; includeInIndex = 0; path = "retrocalc WatchKit App.app"; sourceTree = BUILT_PRODUCTS_DIR; };
		94B454AB1F3A5095006671EF /* Base */ = {isa = PBXFileReference; lastKnownFileType = file.storyboard; name = Base; path = Base.lproj/Interface.storyboard; sourceTree = "<group>"; };
		94B454AD1F3A5095006671EF /* Assets-w.xcassets */ = {isa = PBXFileReference; lastKnownFileType = folder.assetcatalog; path = "Assets-w.xcassets"; sourceTree = "<group>"; };
		94B454AF1F3A5095006671EF /* Info.plist */ = {isa = PBXFileReference; lastKnownFileType = text.plist.xml; path = Info.plist; sourceTree = "<group>"; };
		94B454B41F3A5095006671EF /* retrocalc WatchKit Extension.appex */ = {isa = PBXFileReference; explicitFileType = "wrapper.app-extension"; includeInIndex = 0; path = "retrocalc WatchKit Extension.appex"; sourceTree = BUILT_PRODUCTS_DIR; };
		94B454B91F3A5095006671EF /* InterfaceController.swift */ = {isa = PBXFileReference; lastKnownFileType = sourcecode.swift; path = InterfaceController.swift; sourceTree = "<group>"; };
		94B454BB1F3A5095006671EF /* ExtensionDelegate.swift */ = {isa = PBXFileReference; lastKnownFileType = sourcecode.swift; path = ExtensionDelegate.swift; sourceTree = "<group>"; };
		94B454BD1F3A5095006671EF /* NotificationController.swift */ = {isa = PBXFileReference; lastKnownFileType = sourcecode.swift; path = NotificationController.swift; sourceTree = "<group>"; };
		94B454BF1F3A5095006671EF /* Assets.xcassets */ = {isa = PBXFileReference; lastKnownFileType = folder.assetcatalog; path = Assets.xcassets; sourceTree = "<group>"; };
		94B454C11F3A5095006671EF /* Info.plist */ = {isa = PBXFileReference; lastKnownFileType = text.plist.xml; path = Info.plist; sourceTree = "<group>"; };
		94B454C21F3A5095006671EF /* PushNotificationPayload.apns */ = {isa = PBXFileReference; lastKnownFileType = text; path = PushNotificationPayload.apns; sourceTree = "<group>"; };
		94B454E01F3A53E5006671EF /* Command.swift */ = {isa = PBXFileReference; lastKnownFileType = sourcecode.swift; path = Command.swift; sourceTree = "<group>"; };
		94BC3A431F3C4CC700252D2B /* CalcValue.swift */ = {isa = PBXFileReference; lastKnownFileType = sourcecode.swift; path = CalcValue.swift; sourceTree = "<group>"; };
		94D307A81F69262900FE926A /* TextureXSteel.jpg */ = {isa = PBXFileReference; lastKnownFileType = image.jpeg; path = TextureXSteel.jpg; sourceTree = "<group>"; };
/* End PBXFileReference section */

/* Begin PBXFrameworksBuildPhase section */
		94B4547A1F3A5095006671EF /* Frameworks */ = {
			isa = PBXFrameworksBuildPhase;
			buildActionMask = 2147483647;
			files = (
			);
			runOnlyForDeploymentPostprocessing = 0;
		};
		94B4548E1F3A5095006671EF /* Frameworks */ = {
			isa = PBXFrameworksBuildPhase;
			buildActionMask = 2147483647;
			files = (
			);
			runOnlyForDeploymentPostprocessing = 0;
		};
		94B454991F3A5095006671EF /* Frameworks */ = {
			isa = PBXFrameworksBuildPhase;
			buildActionMask = 2147483647;
			files = (
			);
			runOnlyForDeploymentPostprocessing = 0;
		};
		94B454B11F3A5095006671EF /* Frameworks */ = {
			isa = PBXFrameworksBuildPhase;
			buildActionMask = 2147483647;
			files = (
			);
			runOnlyForDeploymentPostprocessing = 0;
		};
/* End PBXFrameworksBuildPhase section */

/* Begin PBXGroup section */
		9403BEF01F50969D0054E46E /* Common */ = {
			isa = PBXGroup;
			children = (
				94BC3A431F3C4CC700252D2B /* CalcValue.swift */,
				94B454E01F3A53E5006671EF /* Command.swift */,
				9403BEF11F5096F10054E46E /* KeypadController.swift */,
				9403BEF61F5244AD0054E46E /* SharedAssets.xcassets */,
				9403BEFD1F54A4A70054E46E /* DSEG14 Classic Mini-Bold Italic Mac.ttf */,
				94A34C251F560CAE00393D5F /* DSEG7ClassicMini-BoldItalic.ttf */,
			);
			name = Common;
			sourceTree = "<group>";
		};
		947349221F5B999700B96ADD /* Frameworks */ = {
			isa = PBXGroup;
			children = (
			);
			name = Frameworks;
			sourceTree = "<group>";
		};
		94B454741F3A5095006671EF = {
			isa = PBXGroup;
			children = (
				9403BEF01F50969D0054E46E /* Common */,
				94B4547F1F3A5095006671EF /* hp01 */,
				94B454941F3A5095006671EF /* hp01Tests */,
				94B4549F1F3A5095006671EF /* hp01UITests */,
				94B454A91F3A5095006671EF /* hp01 WatchKit App */,
				94B454B81F3A5095006671EF /* hp01 WatchKit Extension */,
				94B4547E1F3A5095006671EF /* Products */,
				947349221F5B999700B96ADD /* Frameworks */,
			);
			sourceTree = "<group>";
		};
		94B4547E1F3A5095006671EF /* Products */ = {
			isa = PBXGroup;
			children = (
				94B4547D1F3A5095006671EF /* retrocalc.app */,
				94B454911F3A5095006671EF /* retrocalcTests.xctest */,
				94B4549C1F3A5095006671EF /* retrocalcUITests.xctest */,
				94B454A51F3A5095006671EF /* retrocalc WatchKit App.app */,
				94B454B41F3A5095006671EF /* retrocalc WatchKit Extension.appex */,
			);
			name = Products;
			sourceTree = "<group>";
		};
		94B4547F1F3A5095006671EF /* hp01 */ = {
			isa = PBXGroup;
			children = (
				94B454801F3A5095006671EF /* AppDelegate.swift */,
				94B454821F3A5095006671EF /* ViewController.swift */,
				94D307A81F69262900FE926A /* TextureXSteel.jpg */,
				94A5CB611F76F86000C32D41 /* Grunge-Paper-Texture-1.jpg */,
				94B454841F3A5095006671EF /* Main.storyboard */,
				94B454871F3A5095006671EF /* Assets-iOS.xcassets */,
				94B454891F3A5095006671EF /* LaunchScreen.storyboard */,
				94B4548C1F3A5095006671EF /* Info.plist */,
				947B92B91F5E1C36003D7B09 /* KeyboardTips.rtf */,
			);
			path = hp01;
			sourceTree = "<group>";
		};
		94B454941F3A5095006671EF /* hp01Tests */ = {
			isa = PBXGroup;
			children = (
				94B454951F3A5095006671EF /* hp01Tests.swift */,
				94B454971F3A5095006671EF /* Info.plist */,
			);
			path = hp01Tests;
			sourceTree = "<group>";
		};
		94B4549F1F3A5095006671EF /* hp01UITests */ = {
			isa = PBXGroup;
			children = (
				94B454A01F3A5095006671EF /* hp01UITests.swift */,
				94B454A21F3A5095006671EF /* Info.plist */,
			);
			path = hp01UITests;
			sourceTree = "<group>";
		};
		94B454A91F3A5095006671EF /* hp01 WatchKit App */ = {
			isa = PBXGroup;
			children = (
				94B454AA1F3A5095006671EF /* Interface.storyboard */,
				94B454AD1F3A5095006671EF /* Assets-w.xcassets */,
				94B454AF1F3A5095006671EF /* Info.plist */,
			);
			path = "hp01 WatchKit App";
			sourceTree = "<group>";
		};
		94B454B81F3A5095006671EF /* hp01 WatchKit Extension */ = {
			isa = PBXGroup;
			children = (
				94B454B91F3A5095006671EF /* InterfaceController.swift */,
				94B454BB1F3A5095006671EF /* ExtensionDelegate.swift */,
				94B454BD1F3A5095006671EF /* NotificationController.swift */,
				94B454BF1F3A5095006671EF /* Assets.xcassets */,
				94B454C11F3A5095006671EF /* Info.plist */,
				94B454C21F3A5095006671EF /* PushNotificationPayload.apns */,
			);
			path = "hp01 WatchKit Extension";
			sourceTree = "<group>";
		};
/* End PBXGroup section */

/* Begin PBXNativeTarget section */
		94B4547C1F3A5095006671EF /* retrocalc */ = {
			isa = PBXNativeTarget;
			buildConfigurationList = 94B454CD1F3A5095006671EF /* Build configuration list for PBXNativeTarget "retrocalc" */;
			buildPhases = (
				94B454791F3A5095006671EF /* Sources */,
				94B4547A1F3A5095006671EF /* Frameworks */,
				94B4547B1F3A5095006671EF /* Resources */,
				94B454CC1F3A5095006671EF /* Embed Watch Content */,
			);
			buildRules = (
			);
			dependencies = (
				94B454A81F3A5095006671EF /* PBXTargetDependency */,
			);
			name = retrocalc;
			productName = hp01;
			productReference = 94B4547D1F3A5095006671EF /* retrocalc.app */;
			productType = "com.apple.product-type.application";
		};
		94B454901F3A5095006671EF /* retrocalcTests */ = {
			isa = PBXNativeTarget;
			buildConfigurationList = 94B454D01F3A5095006671EF /* Build configuration list for PBXNativeTarget "retrocalcTests" */;
			buildPhases = (
				94B4548D1F3A5095006671EF /* Sources */,
				94B4548E1F3A5095006671EF /* Frameworks */,
				94B4548F1F3A5095006671EF /* Resources */,
			);
			buildRules = (
			);
			dependencies = (
				94B454931F3A5095006671EF /* PBXTargetDependency */,
			);
			name = retrocalcTests;
			productName = hp01Tests;
			productReference = 94B454911F3A5095006671EF /* retrocalcTests.xctest */;
			productType = "com.apple.product-type.bundle.unit-test";
		};
		94B4549B1F3A5095006671EF /* retrocalcUITests */ = {
			isa = PBXNativeTarget;
			buildConfigurationList = 94B454D31F3A5095006671EF /* Build configuration list for PBXNativeTarget "retrocalcUITests" */;
			buildPhases = (
				94B454981F3A5095006671EF /* Sources */,
				94B454991F3A5095006671EF /* Frameworks */,
				94B4549A1F3A5095006671EF /* Resources */,
			);
			buildRules = (
			);
			dependencies = (
				94B4549E1F3A5095006671EF /* PBXTargetDependency */,
			);
			name = retrocalcUITests;
			productName = hp01UITests;
			productReference = 94B4549C1F3A5095006671EF /* retrocalcUITests.xctest */;
			productType = "com.apple.product-type.bundle.ui-testing";
		};
		94B454A41F3A5095006671EF /* retrocalc WatchKit App */ = {
			isa = PBXNativeTarget;
			buildConfigurationList = 94B454C91F3A5095006671EF /* Build configuration list for PBXNativeTarget "retrocalc WatchKit App" */;
			buildPhases = (
				94B454A31F3A5095006671EF /* Resources */,
				94B454C81F3A5095006671EF /* Embed App Extensions */,
			);
			buildRules = (
			);
			dependencies = (
				94B454B71F3A5095006671EF /* PBXTargetDependency */,
			);
			name = "retrocalc WatchKit App";
			productName = "hp01 WatchKit App";
			productReference = 94B454A51F3A5095006671EF /* retrocalc WatchKit App.app */;
			productType = "com.apple.product-type.application.watchapp2";
		};
		94B454B31F3A5095006671EF /* retrocalc WatchKit Extension */ = {
			isa = PBXNativeTarget;
			buildConfigurationList = 94B454C51F3A5095006671EF /* Build configuration list for PBXNativeTarget "retrocalc WatchKit Extension" */;
			buildPhases = (
				94B454B01F3A5095006671EF /* Sources */,
				94B454B11F3A5095006671EF /* Frameworks */,
				94B454B21F3A5095006671EF /* Resources */,
			);
			buildRules = (
			);
			dependencies = (
			);
			name = "retrocalc WatchKit Extension";
			productName = "hp01 WatchKit Extension";
			productReference = 94B454B41F3A5095006671EF /* retrocalc WatchKit Extension.appex */;
			productType = "com.apple.product-type.watchkit2-extension";
		};
/* End PBXNativeTarget section */

/* Begin PBXProject section */
		94B454751F3A5095006671EF /* Project object */ = {
			isa = PBXProject;
			attributes = {
				LastSwiftUpdateCheck = 0900;
				LastUpgradeCheck = 0900;
				ORGANIZATIONNAME = "Lee Ann Rucker";
				TargetAttributes = {
					94B4547C1F3A5095006671EF = {
						CreatedOnToolsVersion = 9.0;
						ProvisioningStyle = Manual;
					};
					94B454901F3A5095006671EF = {
						CreatedOnToolsVersion = 9.0;
						TestTargetID = 94B4547C1F3A5095006671EF;
					};
					94B4549B1F3A5095006671EF = {
						CreatedOnToolsVersion = 9.0;
						TestTargetID = 94B4547C1F3A5095006671EF;
					};
					94B454A41F3A5095006671EF = {
						CreatedOnToolsVersion = 9.0;
						ProvisioningStyle = Manual;
					};
					94B454B31F3A5095006671EF = {
						CreatedOnToolsVersion = 9.0;
						ProvisioningStyle = Manual;
						SystemCapabilities = {
							com.apple.GameCenter = {
								enabled = 0;
							};
						};
					};
				};
			};
			buildConfigurationList = 94B454781F3A5095006671EF /* Build configuration list for PBXProject "retrocalc" */;
			compatibilityVersion = "Xcode 8.0";
			developmentRegion = en;
			hasScannedForEncodings = 0;
			knownRegions = (
				en,
				Base,
			);
			mainGroup = 94B454741F3A5095006671EF;
			productRefGroup = 94B4547E1F3A5095006671EF /* Products */;
			projectDirPath = "";
			projectRoot = "";
			targets = (
				94B4547C1F3A5095006671EF /* retrocalc */,
				94B454901F3A5095006671EF /* retrocalcTests */,
				94B4549B1F3A5095006671EF /* retrocalcUITests */,
				94B454A41F3A5095006671EF /* retrocalc WatchKit App */,
				94B454B31F3A5095006671EF /* retrocalc WatchKit Extension */,
			);
		};
/* End PBXProject section */

/* Begin PBXResourcesBuildPhase section */
		94B4547B1F3A5095006671EF /* Resources */ = {
			isa = PBXResourcesBuildPhase;
			buildActionMask = 2147483647;
			files = (
				94B4548B1F3A5095006671EF /* LaunchScreen.storyboard in Resources */,
				9403BEFE1F54A4A80054E46E /* DSEG14 Classic Mini-Bold Italic Mac.ttf in Resources */,
				94A5CB621F76F86000C32D41 /* Grunge-Paper-Texture-1.jpg in Resources */,
				94B454881F3A5095006671EF /* Assets-iOS.xcassets in Resources */,
				94B454861F3A5095006671EF /* Main.storyboard in Resources */,
				94DDDFAF1F56A2B20095F9DF /* DSEG7ClassicMini-BoldItalic.ttf in Resources */,
				9403BEF71F5244AD0054E46E /* SharedAssets.xcassets in Resources */,
			);
			runOnlyForDeploymentPostprocessing = 0;
		};
		94B4548F1F3A5095006671EF /* Resources */ = {
			isa = PBXResourcesBuildPhase;
			buildActionMask = 2147483647;
			files = (
			);
			runOnlyForDeploymentPostprocessing = 0;
		};
		94B4549A1F3A5095006671EF /* Resources */ = {
			isa = PBXResourcesBuildPhase;
			buildActionMask = 2147483647;
			files = (
			);
			runOnlyForDeploymentPostprocessing = 0;
		};
		94B454A31F3A5095006671EF /* Resources */ = {
			isa = PBXResourcesBuildPhase;
			buildActionMask = 2147483647;
			files = (
				9403BEF81F5244C60054E46E /* SharedAssets.xcassets in Resources */,
				94B454AE1F3A5095006671EF /* Assets-w.xcassets in Resources */,
				94B454AC1F3A5095006671EF /* Interface.storyboard in Resources */,
				94A34C261F560CAF00393D5F /* DSEG7ClassicMini-BoldItalic.ttf in Resources */,
			);
			runOnlyForDeploymentPostprocessing = 0;
		};
		94B454B21F3A5095006671EF /* Resources */ = {
			isa = PBXResourcesBuildPhase;
			buildActionMask = 2147483647;
			files = (
				94B454C01F3A5095006671EF /* Assets.xcassets in Resources */,
				94A34C271F560CAF00393D5F /* DSEG7ClassicMini-BoldItalic.ttf in Resources */,
			);
			runOnlyForDeploymentPostprocessing = 0;
		};
/* End PBXResourcesBuildPhase section */

/* Begin PBXSourcesBuildPhase section */
		94B454791F3A5095006671EF /* Sources */ = {
			isa = PBXSourcesBuildPhase;
			buildActionMask = 2147483647;
			files = (
				9403BEEE1F5096510054E46E /* CalcValue.swift in Sources */,
				9403BEF51F50A5510054E46E /* KeypadController.swift in Sources */,
				94D307A91F69262900FE926A /* TextureXSteel.jpg in Sources */,
				94B454831F3A5095006671EF /* ViewController.swift in Sources */,
				94B454811F3A5095006671EF /* AppDelegate.swift in Sources */,
				9403BEEF1F5096560054E46E /* Command.swift in Sources */,
			);
			runOnlyForDeploymentPostprocessing = 0;
		};
		94B4548D1F3A5095006671EF /* Sources */ = {
			isa = PBXSourcesBuildPhase;
			buildActionMask = 2147483647;
			files = (
				94B454961F3A5095006671EF /* hp01Tests.swift in Sources */,
			);
			runOnlyForDeploymentPostprocessing = 0;
		};
		94B454981F3A5095006671EF /* Sources */ = {
			isa = PBXSourcesBuildPhase;
			buildActionMask = 2147483647;
			files = (
				94B454A11F3A5095006671EF /* hp01UITests.swift in Sources */,
			);
			runOnlyForDeploymentPostprocessing = 0;
		};
		94B454B01F3A5095006671EF /* Sources */ = {
			isa = PBXSourcesBuildPhase;
			buildActionMask = 2147483647;
			files = (
				94B454BE1F3A5095006671EF /* NotificationController.swift in Sources */,
				94B454BC1F3A5095006671EF /* ExtensionDelegate.swift in Sources */,
				94BC3A441F3C4CC700252D2B /* CalcValue.swift in Sources */,
				94B454BA1F3A5095006671EF /* InterfaceController.swift in Sources */,
				94B454E21F3A5404006671EF /* Command.swift in Sources */,
				9403BEF31F50970D0054E46E /* KeypadController.swift in Sources */,
			);
			runOnlyForDeploymentPostprocessing = 0;
		};
/* End PBXSourcesBuildPhase section */

/* Begin PBXTargetDependency section */
		94B454931F3A5095006671EF /* PBXTargetDependency */ = {
			isa = PBXTargetDependency;
			target = 94B4547C1F3A5095006671EF /* retrocalc */;
			targetProxy = 94B454921F3A5095006671EF /* PBXContainerItemProxy */;
		};
		94B4549E1F3A5095006671EF /* PBXTargetDependency */ = {
			isa = PBXTargetDependency;
			target = 94B4547C1F3A5095006671EF /* retrocalc */;
			targetProxy = 94B4549D1F3A5095006671EF /* PBXContainerItemProxy */;
		};
		94B454A81F3A5095006671EF /* PBXTargetDependency */ = {
			isa = PBXTargetDependency;
			target = 94B454A41F3A5095006671EF /* retrocalc WatchKit App */;
			targetProxy = 94B454A71F3A5095006671EF /* PBXContainerItemProxy */;
		};
		94B454B71F3A5095006671EF /* PBXTargetDependency */ = {
			isa = PBXTargetDependency;
			target = 94B454B31F3A5095006671EF /* retrocalc WatchKit Extension */;
			targetProxy = 94B454B61F3A5095006671EF /* PBXContainerItemProxy */;
		};
/* End PBXTargetDependency section */

/* Begin PBXVariantGroup section */
		94B454841F3A5095006671EF /* Main.storyboard */ = {
			isa = PBXVariantGroup;
			children = (
				94B454851F3A5095006671EF /* Base */,
			);
			name = Main.storyboard;
			sourceTree = "<group>";
		};
		94B454891F3A5095006671EF /* LaunchScreen.storyboard */ = {
			isa = PBXVariantGroup;
			children = (
				94B4548A1F3A5095006671EF /* Base */,
			);
			name = LaunchScreen.storyboard;
			sourceTree = "<group>";
		};
		94B454AA1F3A5095006671EF /* Interface.storyboard */ = {
			isa = PBXVariantGroup;
			children = (
				94B454AB1F3A5095006671EF /* Base */,
			);
			name = Interface.storyboard;
			sourceTree = "<group>";
		};
/* End PBXVariantGroup section */

/* Begin XCBuildConfiguration section */
		94B454C31F3A5095006671EF /* Debug */ = {
			isa = XCBuildConfiguration;
			buildSettings = {
				ALWAYS_SEARCH_USER_PATHS = NO;
				CLANG_ANALYZER_NONNULL = YES;
				CLANG_ANALYZER_NUMBER_OBJECT_CONVERSION = YES_AGGRESSIVE;
				CLANG_CXX_LANGUAGE_STANDARD = "gnu++14";
				CLANG_CXX_LIBRARY = "libc++";
				CLANG_ENABLE_MODULES = YES;
				CLANG_ENABLE_OBJC_ARC = YES;
				CLANG_WARN_BLOCK_CAPTURE_AUTORELEASING = YES;
				CLANG_WARN_BOOL_CONVERSION = YES;
				CLANG_WARN_COMMA = YES;
				CLANG_WARN_CONSTANT_CONVERSION = YES;
				CLANG_WARN_DIRECT_OBJC_ISA_USAGE = YES_ERROR;
				CLANG_WARN_DOCUMENTATION_COMMENTS = YES;
				CLANG_WARN_EMPTY_BODY = YES;
				CLANG_WARN_ENUM_CONVERSION = YES;
				CLANG_WARN_INFINITE_RECURSION = YES;
				CLANG_WARN_INT_CONVERSION = YES;
				CLANG_WARN_OBJC_ROOT_CLASS = YES_ERROR;
				CLANG_WARN_RANGE_LOOP_ANALYSIS = YES;
				CLANG_WARN_STRICT_PROTOTYPES = YES;
				CLANG_WARN_SUSPICIOUS_MOVE = YES;
				CLANG_WARN_UNGUARDED_AVAILABILITY = YES_AGGRESSIVE;
				CLANG_WARN_UNREACHABLE_CODE = YES;
				CLANG_WARN__DUPLICATE_METHOD_MATCH = YES;
				CODE_SIGN_IDENTITY = "iPhone Developer";
				COPY_PHASE_STRIP = NO;
				DEBUG_INFORMATION_FORMAT = dwarf;
				ENABLE_STRICT_OBJC_MSGSEND = YES;
				ENABLE_TESTABILITY = YES;
				GCC_C_LANGUAGE_STANDARD = gnu11;
				GCC_DYNAMIC_NO_PIC = NO;
				GCC_NO_COMMON_BLOCKS = YES;
				GCC_OPTIMIZATION_LEVEL = 0;
				GCC_PREPROCESSOR_DEFINITIONS = (
					"DEBUG=1",
					"$(inherited)",
				);
				GCC_WARN_64_TO_32_BIT_CONVERSION = YES;
				GCC_WARN_ABOUT_RETURN_TYPE = YES_ERROR;
				GCC_WARN_UNDECLARED_SELECTOR = YES;
				GCC_WARN_UNINITIALIZED_AUTOS = YES_AGGRESSIVE;
				GCC_WARN_UNUSED_FUNCTION = YES;
				GCC_WARN_UNUSED_VARIABLE = YES;
				IPHONEOS_DEPLOYMENT_TARGET = 10.0;
				MTL_ENABLE_DEBUG_INFO = YES;
				ONLY_ACTIVE_ARCH = YES;
				SDKROOT = iphoneos;
				SWIFT_ACTIVE_COMPILATION_CONDITIONS = DEBUG;
				SWIFT_OPTIMIZATION_LEVEL = "-Onone";
			};
			name = Debug;
		};
		94B454C41F3A5095006671EF /* Release */ = {
			isa = XCBuildConfiguration;
			buildSettings = {
				ALWAYS_SEARCH_USER_PATHS = NO;
				CLANG_ANALYZER_NONNULL = YES;
				CLANG_ANALYZER_NUMBER_OBJECT_CONVERSION = YES_AGGRESSIVE;
				CLANG_CXX_LANGUAGE_STANDARD = "gnu++14";
				CLANG_CXX_LIBRARY = "libc++";
				CLANG_ENABLE_MODULES = YES;
				CLANG_ENABLE_OBJC_ARC = YES;
				CLANG_WARN_BLOCK_CAPTURE_AUTORELEASING = YES;
				CLANG_WARN_BOOL_CONVERSION = YES;
				CLANG_WARN_COMMA = YES;
				CLANG_WARN_CONSTANT_CONVERSION = YES;
				CLANG_WARN_DIRECT_OBJC_ISA_USAGE = YES_ERROR;
				CLANG_WARN_DOCUMENTATION_COMMENTS = YES;
				CLANG_WARN_EMPTY_BODY = YES;
				CLANG_WARN_ENUM_CONVERSION = YES;
				CLANG_WARN_INFINITE_RECURSION = YES;
				CLANG_WARN_INT_CONVERSION = YES;
				CLANG_WARN_OBJC_ROOT_CLASS = YES_ERROR;
				CLANG_WARN_RANGE_LOOP_ANALYSIS = YES;
				CLANG_WARN_STRICT_PROTOTYPES = YES;
				CLANG_WARN_SUSPICIOUS_MOVE = YES;
				CLANG_WARN_UNGUARDED_AVAILABILITY = YES_AGGRESSIVE;
				CLANG_WARN_UNREACHABLE_CODE = YES;
				CLANG_WARN__DUPLICATE_METHOD_MATCH = YES;
				CODE_SIGN_IDENTITY = "iPhone Developer";
				COPY_PHASE_STRIP = NO;
				DEBUG_INFORMATION_FORMAT = "dwarf-with-dsym";
				ENABLE_NS_ASSERTIONS = NO;
				ENABLE_STRICT_OBJC_MSGSEND = YES;
				GCC_C_LANGUAGE_STANDARD = gnu11;
				GCC_NO_COMMON_BLOCKS = YES;
				GCC_WARN_64_TO_32_BIT_CONVERSION = YES;
				GCC_WARN_ABOUT_RETURN_TYPE = YES_ERROR;
				GCC_WARN_UNDECLARED_SELECTOR = YES;
				GCC_WARN_UNINITIALIZED_AUTOS = YES_AGGRESSIVE;
				GCC_WARN_UNUSED_FUNCTION = YES;
				GCC_WARN_UNUSED_VARIABLE = YES;
				IPHONEOS_DEPLOYMENT_TARGET = 10.0;
				MTL_ENABLE_DEBUG_INFO = NO;
				SDKROOT = iphoneos;
				SWIFT_OPTIMIZATION_LEVEL = "-Owholemodule";
				VALIDATE_PRODUCT = YES;
			};
			name = Release;
		};
		94B454C61F3A5095006671EF /* Debug */ = {
			isa = XCBuildConfiguration;
			buildSettings = {
				ASSETCATALOG_COMPILER_COMPLICATION_NAME = Complication;
				"CODE_SIGN_IDENTITY[sdk=watchos*]" = "iPhone Distribution";
				CODE_SIGN_STYLE = Manual;
				DEVELOPMENT_TEAM = 92RP9V4XB5;
				INFOPLIST_FILE = "hp01 WatchKit Extension/Info.plist";
				LD_RUNPATH_SEARCH_PATHS = "$(inherited) @executable_path/Frameworks @executable_path/../../Frameworks";
				PRODUCT_BUNDLE_IDENTIFIER = com.lrucker.hp01.watchkitapp.watchkitextension;
				PRODUCT_NAME = "${TARGET_NAME}";
				PROVISIONING_PROFILE = "33c4deb5-afd3-4f4c-959f-9d5ad158645b";
				PROVISIONING_PROFILE_SPECIFIER = "iOS Wildcard";
				SDKROOT = watchos;
				SKIP_INSTALL = YES;
				SWIFT_VERSION = 4.0;
				TARGETED_DEVICE_FAMILY = 4;
				WATCHOS_DEPLOYMENT_TARGET = 3.0;
			};
			name = Debug;
		};
		94B454C71F3A5095006671EF /* Release */ = {
			isa = XCBuildConfiguration;
			buildSettings = {
				ASSETCATALOG_COMPILER_COMPLICATION_NAME = Complication;
				"CODE_SIGN_IDENTITY[sdk=watchos*]" = "iPhone Distribution";
				CODE_SIGN_STYLE = Manual;
				DEVELOPMENT_TEAM = 92RP9V4XB5;
				INFOPLIST_FILE = "hp01 WatchKit Extension/Info.plist";
				LD_RUNPATH_SEARCH_PATHS = "$(inherited) @executable_path/Frameworks @executable_path/../../Frameworks";
				PRODUCT_BUNDLE_IDENTIFIER = com.lrucker.hp01.watchkitapp.watchkitextension;
				PRODUCT_NAME = "${TARGET_NAME}";
				PROVISIONING_PROFILE = "33c4deb5-afd3-4f4c-959f-9d5ad158645b";
				PROVISIONING_PROFILE_SPECIFIER = "iOS Wildcard";
				SDKROOT = watchos;
				SKIP_INSTALL = YES;
				SWIFT_VERSION = 4.0;
				TARGETED_DEVICE_FAMILY = 4;
				WATCHOS_DEPLOYMENT_TARGET = 3.0;
			};
			name = Release;
		};
		94B454CA1F3A5095006671EF /* Debug */ = {
			isa = XCBuildConfiguration;
			buildSettings = {
				ALWAYS_EMBED_SWIFT_STANDARD_LIBRARIES = YES;
				ASSETCATALOG_COMPILER_APPICON_NAME = AppIcon;
				"CODE_SIGN_IDENTITY[sdk=watchos*]" = "iPhone Distribution";
				CODE_SIGN_STYLE = Manual;
				DEVELOPMENT_TEAM = 92RP9V4XB5;
				IBSC_MODULE = retrocalc_WatchKit_Extension;
				INFOPLIST_FILE = "hp01 WatchKit App/Info.plist";
				PRODUCT_BUNDLE_IDENTIFIER = com.lrucker.hp01.watchkitapp;
				PRODUCT_NAME = "$(TARGET_NAME)";
				PROVISIONING_PROFILE = "33c4deb5-afd3-4f4c-959f-9d5ad158645b";
				PROVISIONING_PROFILE_SPECIFIER = "iOS Wildcard";
				SDKROOT = watchos;
				SKIP_INSTALL = YES;
				SWIFT_VERSION = 4.0;
				TARGETED_DEVICE_FAMILY = 4;
				WATCHOS_DEPLOYMENT_TARGET = 3.0;
			};
			name = Debug;
		};
		94B454CB1F3A5095006671EF /* Release */ = {
			isa = XCBuildConfiguration;
			buildSettings = {
				ALWAYS_EMBED_SWIFT_STANDARD_LIBRARIES = YES;
				ASSETCATALOG_COMPILER_APPICON_NAME = AppIcon;
				"CODE_SIGN_IDENTITY[sdk=watchos*]" = "iPhone Distribution";
				CODE_SIGN_STYLE = Manual;
				DEVELOPMENT_TEAM = 92RP9V4XB5;
				IBSC_MODULE = retrocalc_WatchKit_Extension;
				INFOPLIST_FILE = "hp01 WatchKit App/Info.plist";
				PRODUCT_BUNDLE_IDENTIFIER = com.lrucker.hp01.watchkitapp;
				PRODUCT_NAME = "$(TARGET_NAME)";
				PROVISIONING_PROFILE = "33c4deb5-afd3-4f4c-959f-9d5ad158645b";
				PROVISIONING_PROFILE_SPECIFIER = "iOS Wildcard";
				SDKROOT = watchos;
				SKIP_INSTALL = YES;
				SWIFT_VERSION = 4.0;
				TARGETED_DEVICE_FAMILY = 4;
				WATCHOS_DEPLOYMENT_TARGET = 3.0;
			};
			name = Release;
		};
		94B454CE1F3A5095006671EF /* Debug */ = {
			isa = XCBuildConfiguration;
			buildSettings = {
				ASSETCATALOG_COMPILER_APPICON_NAME = AppIcon;
				"CODE_SIGN_IDENTITY[sdk=iphoneos*]" = "iPhone Distribution";
				CODE_SIGN_STYLE = Manual;
				DEVELOPMENT_TEAM = 92RP9V4XB5;
				INFOPLIST_FILE = hp01/Info.plist;
				IPHONEOS_DEPLOYMENT_TARGET = 10.0;
				LD_RUNPATH_SEARCH_PATHS = "$(inherited) @executable_path/Frameworks";
				PRODUCT_BUNDLE_IDENTIFIER = com.lrucker.hp01;
				PRODUCT_NAME = "$(TARGET_NAME)";
				PROVISIONING_PROFILE = "33c4deb5-afd3-4f4c-959f-9d5ad158645b";
				PROVISIONING_PROFILE_SPECIFIER = "iOS Wildcard";
				SWIFT_VERSION = 4.0;
				TARGETED_DEVICE_FAMILY = 1;
			};
			name = Debug;
		};
		94B454CF1F3A5095006671EF /* Release */ = {
			isa = XCBuildConfiguration;
			buildSettings = {
				ASSETCATALOG_COMPILER_APPICON_NAME = AppIcon;
				CODE_SIGN_IDENTITY = "iPhone Developer";
				"CODE_SIGN_IDENTITY[sdk=iphoneos*]" = "iPhone Distribution";
				CODE_SIGN_STYLE = Manual;
				DEVELOPMENT_TEAM = 92RP9V4XB5;
				INFOPLIST_FILE = hp01/Info.plist;
				IPHONEOS_DEPLOYMENT_TARGET = 10.0;
				LD_RUNPATH_SEARCH_PATHS = "$(inherited) @executable_path/Frameworks";
				PRODUCT_BUNDLE_IDENTIFIER = com.lrucker.hp01;
				PRODUCT_NAME = "$(TARGET_NAME)";
				PROVISIONING_PROFILE = "33c4deb5-afd3-4f4c-959f-9d5ad158645b";
				PROVISIONING_PROFILE_SPECIFIER = "iOS Wildcard";
				SWIFT_VERSION = 4.0;
				TARGETED_DEVICE_FAMILY = 1;
			};
			name = Release;
		};
		94B454D11F3A5095006671EF /* Debug */ = {
			isa = XCBuildConfiguration;
			buildSettings = {
				ALWAYS_EMBED_SWIFT_STANDARD_LIBRARIES = YES;
				BUNDLE_LOADER = "$(TEST_HOST)";
				DEVELOPMENT_TEAM = 92RP9V4XB5;
				INFOPLIST_FILE = hp01Tests/Info.plist;
				LD_RUNPATH_SEARCH_PATHS = "$(inherited) @executable_path/Frameworks @loader_path/Frameworks";
				PRODUCT_BUNDLE_IDENTIFIER = com.lrucker.hp01Tests;
				PRODUCT_NAME = "$(TARGET_NAME)";
				SWIFT_VERSION = 4.0;
				TARGETED_DEVICE_FAMILY = "1,2";
				TEST_HOST = "$(BUILT_PRODUCTS_DIR)/retrocalc.app/retrocalc";
			};
			name = Debug;
		};
		94B454D21F3A5095006671EF /* Release */ = {
			isa = XCBuildConfiguration;
			buildSettings = {
				ALWAYS_EMBED_SWIFT_STANDARD_LIBRARIES = YES;
				BUNDLE_LOADER = "$(TEST_HOST)";
				DEVELOPMENT_TEAM = 92RP9V4XB5;
				INFOPLIST_FILE = hp01Tests/Info.plist;
				LD_RUNPATH_SEARCH_PATHS = "$(inherited) @executable_path/Frameworks @loader_path/Frameworks";
				PRODUCT_BUNDLE_IDENTIFIER = com.lrucker.hp01Tests;
				PRODUCT_NAME = "$(TARGET_NAME)";
				SWIFT_VERSION = 4.0;
				TARGETED_DEVICE_FAMILY = "1,2";
				TEST_HOST = "$(BUILT_PRODUCTS_DIR)/retrocalc.app/retrocalc";
			};
			name = Release;
		};
		94B454D41F3A5095006671EF /* Debug */ = {
			isa = XCBuildConfiguration;
			buildSettings = {
				ALWAYS_EMBED_SWIFT_STANDARD_LIBRARIES = YES;
				DEVELOPMENT_TEAM = 92RP9V4XB5;
				INFOPLIST_FILE = hp01UITests/Info.plist;
				LD_RUNPATH_SEARCH_PATHS = "$(inherited) @executable_path/Frameworks @loader_path/Frameworks";
				PRODUCT_BUNDLE_IDENTIFIER = com.lrucker.hp01UITests;
				PRODUCT_NAME = "$(TARGET_NAME)";
				SWIFT_VERSION = 4.0;
				TARGETED_DEVICE_FAMILY = "1,2";
				TEST_TARGET_NAME = hp01;
			};
			name = Debug;
		};
		94B454D51F3A5095006671EF /* Release */ = {
			isa = XCBuildConfiguration;
			buildSettings = {
				ALWAYS_EMBED_SWIFT_STANDARD_LIBRARIES = YES;
				DEVELOPMENT_TEAM = 92RP9V4XB5;
				INFOPLIST_FILE = hp01UITests/Info.plist;
				LD_RUNPATH_SEARCH_PATHS = "$(inherited) @executable_path/Frameworks @loader_path/Frameworks";
				PRODUCT_BUNDLE_IDENTIFIER = com.lrucker.hp01UITests;
				PRODUCT_NAME = "$(TARGET_NAME)";
				SWIFT_VERSION = 4.0;
				TARGETED_DEVICE_FAMILY = "1,2";
				TEST_TARGET_NAME = hp01;
			};
			name = Release;
		};
/* End XCBuildConfiguration section */

/* Begin XCConfigurationList section */
		94B454781F3A5095006671EF /* Build configuration list for PBXProject "retrocalc" */ = {
			isa = XCConfigurationList;
			buildConfigurations = (
				94B454C31F3A5095006671EF /* Debug */,
				94B454C41F3A5095006671EF /* Release */,
			);
			defaultConfigurationIsVisible = 0;
			defaultConfigurationName = Release;
		};
		94B454C51F3A5095006671EF /* Build configuration list for PBXNativeTarget "retrocalc WatchKit Extension" */ = {
			isa = XCConfigurationList;
			buildConfigurations = (
				94B454C61F3A5095006671EF /* Debug */,
				94B454C71F3A5095006671EF /* Release */,
			);
			defaultConfigurationIsVisible = 0;
			defaultConfigurationName = Release;
		};
		94B454C91F3A5095006671EF /* Build configuration list for PBXNativeTarget "retrocalc WatchKit App" */ = {
			isa = XCConfigurationList;
			buildConfigurations = (
				94B454CA1F3A5095006671EF /* Debug */,
				94B454CB1F3A5095006671EF /* Release */,
			);
			defaultConfigurationIsVisible = 0;
			defaultConfigurationName = Release;
		};
		94B454CD1F3A5095006671EF /* Build configuration list for PBXNativeTarget "retrocalc" */ = {
			isa = XCConfigurationList;
			buildConfigurations = (
				94B454CE1F3A5095006671EF /* Debug */,
				94B454CF1F3A5095006671EF /* Release */,
			);
			defaultConfigurationIsVisible = 0;
			defaultConfigurationName = Release;
		};
		94B454D01F3A5095006671EF /* Build configuration list for PBXNativeTarget "retrocalcTests" */ = {
			isa = XCConfigurationList;
			buildConfigurations = (
				94B454D11F3A5095006671EF /* Debug */,
				94B454D21F3A5095006671EF /* Release */,
			);
			defaultConfigurationIsVisible = 0;
			defaultConfigurationName = Release;
		};
		94B454D31F3A5095006671EF /* Build configuration list for PBXNativeTarget "retrocalcUITests" */ = {
			isa = XCConfigurationList;
			buildConfigurations = (
				94B454D41F3A5095006671EF /* Debug */,
				94B454D51F3A5095006671EF /* Release */,
			);
			defaultConfigurationIsVisible = 0;
			defaultConfigurationName = Release;
		};
/* End XCConfigurationList section */
	};
	rootObject = 94B454751F3A5095006671EF /* Project object */;
}
